
Microsoft Visual Studio Solution File, Format Version 12.00
# Visual Studio Version 17
VisualStudioVersion = 17.9.34723.18
MinimumVisualStudioVersion = 10.0.40219.1
Project("{FAE04EC0-301F-11D3-BF4B-00C04F79EFBC}") = "ChatApplication.API", "ChatApplication.API\ChatApplication.API.csproj", "{659D4734-5BA3-436F-9655-35B567036C1A}"
EndProject
Global
	GlobalSection(SolutionConfigurationPlatforms) = preSolution
		Debug|Any CPU = Debug|Any CPU
		Release|Any CPU = Release|Any CPU
	EndGlobalSection
	GlobalSection(ProjectConfigurationPlatforms) = postSolution
		{659D4734-5BA3-436F-9655-35B567036C1A}.Debug|Any CPU.ActiveCfg = Debug|Any CPU
		{659D4734-5BA3-436F-9655-35B567036C1A}.Debug|Any CPU.Build.0 = Debug|Any CPU
		{659D4734-5BA3-436F-9655-35B567036C1A}.Release|Any CPU.ActiveCfg = Release|Any CPU
		{659D4734-5BA3-436F-9655-35B567036C1A}.Release|Any CPU.Build.0 = Release|Any CPU
	EndGlobalSection
	GlobalSection(SolutionProperties) = preSolution
		HideSolutionNode = FALSE
	EndGlobalSection
	GlobalSection(ExtensibilityGlobals) = postSolution
		SolutionGuid = {CE53563C-090B-40C6-9A45-C3C07E6A2F6B}
	EndGlobalSection
EndGlobal
